// !$*UTF8*$!
{
	archiveVersion = 1;
	classes = {
	};
	objectVersion = 56;
	objects = {

/* Begin PBXBuildFile section */
		10A838EA29E6882D0027AFDA /* HomeViewController.swift in Sources */ = {isa = PBXBuildFile; fileRef = 10A838E929E6882D0027AFDA /* HomeViewController.swift */; };
		10A838ED29E68F290027AFDA /* SnapKit in Frameworks */ = {isa = PBXBuildFile; productRef = 10A838EC29E68F290027AFDA /* SnapKit */; };
		10B46EF129DD7533004273EB /* AppDelegate.swift in Sources */ = {isa = PBXBuildFile; fileRef = 10B46EF029DD7533004273EB /* AppDelegate.swift */; };
		10B46EF329DD7533004273EB /* SceneDelegate.swift in Sources */ = {isa = PBXBuildFile; fileRef = 10B46EF229DD7533004273EB /* SceneDelegate.swift */; };
		10B46EF529DD7533004273EB /* ViewController.swift in Sources */ = {isa = PBXBuildFile; fileRef = 10B46EF429DD7533004273EB /* ViewController.swift */; };
		10B46EFA29DD7534004273EB /* Assets.xcassets in Resources */ = {isa = PBXBuildFile; fileRef = 10B46EF929DD7534004273EB /* Assets.xcassets */; };
		10B46EFD29DD7534004273EB /* LaunchScreen.storyboard in Resources */ = {isa = PBXBuildFile; fileRef = 10B46EFB29DD7534004273EB /* LaunchScreen.storyboard */; };
/* End PBXBuildFile section */

/* Begin PBXFileReference section */
		10A838E929E6882D0027AFDA /* HomeViewController.swift */ = {isa = PBXFileReference; lastKnownFileType = sourcecode.swift; path = HomeViewController.swift; sourceTree = "<group>"; };
		10B46EED29DD7533004273EB /* ColorMemoryBook.app */ = {isa = PBXFileReference; explicitFileType = wrapper.application; includeInIndex = 0; path = ColorMemoryBook.app; sourceTree = BUILT_PRODUCTS_DIR; };
		10B46EF029DD7533004273EB /* AppDelegate.swift */ = {isa = PBXFileReference; lastKnownFileType = sourcecode.swift; path = AppDelegate.swift; sourceTree = "<group>"; };
		10B46EF229DD7533004273EB /* SceneDelegate.swift */ = {isa = PBXFileReference; lastKnownFileType = sourcecode.swift; path = SceneDelegate.swift; sourceTree = "<group>"; };
		10B46EF429DD7533004273EB /* ViewController.swift */ = {isa = PBXFileReference; lastKnownFileType = sourcecode.swift; path = ViewController.swift; sourceTree = "<group>"; };
		10B46EF929DD7534004273EB /* Assets.xcassets */ = {isa = PBXFileReference; lastKnownFileType = folder.assetcatalog; path = Assets.xcassets; sourceTree = "<group>"; };
		10B46EFC29DD7534004273EB /* Base */ = {isa = PBXFileReference; lastKnownFileType = file.storyboard; name = Base; path = Base.lproj/LaunchScreen.storyboard; sourceTree = "<group>"; };
		10B46EFE29DD7534004273EB /* Info.plist */ = {isa = PBXFileReference; lastKnownFileType = text.plist.xml; path = Info.plist; sourceTree = "<group>"; };
/* End PBXFileReference section */

/* Begin PBXFrameworksBuildPhase section */
		10B46EEA29DD7533004273EB /* Frameworks */ = {
			isa = PBXFrameworksBuildPhase;
			buildActionMask = 2147483647;
			files = (
				10A838ED29E68F290027AFDA /* SnapKit in Frameworks */,
			);
			runOnlyForDeploymentPostprocessing = 0;
		};
/* End PBXFrameworksBuildPhase section */

/* Begin PBXGroup section */
		10B46EE429DD7533004273EB = {
			isa = PBXGroup;
			children = (
				10B46EEF29DD7533004273EB /* ColorMemoryBook */,
				10B46EEE29DD7533004273EB /* Products */,
			);
			sourceTree = "<group>";
		};
		10B46EEE29DD7533004273EB /* Products */ = {
			isa = PBXGroup;
			children = (
				10B46EED29DD7533004273EB /* ColorMemoryBook.app */,
			);
			name = Products;
			sourceTree = "<group>";
		};
		10B46EEF29DD7533004273EB /* ColorMemoryBook */ = {
			isa = PBXGroup;
			children = (
				10B46F0429DD7684004273EB /* Resources */,
				10B46F0529DD7699004273EB /* Sources */,
				10B46EFE29DD7534004273EB /* Info.plist */,
			);
			path = ColorMemoryBook;
			sourceTree = "<group>";
		};
		10B46F0429DD7684004273EB /* Resources */ = {
			isa = PBXGroup;
			children = (
				10B46EF929DD7534004273EB /* Assets.xcassets */,
				10B46EF229DD7533004273EB /* SceneDelegate.swift */,
				10B46EF029DD7533004273EB /* AppDelegate.swift */,
				10B46F0629DD76C6004273EB /* Storyboards */,
				10B46F0729DD76D0004273EB /* APIServices */,
			);
			path = Resources;
			sourceTree = "<group>";
		};
		10B46F0529DD7699004273EB /* Sources */ = {
			isa = PBXGroup;
			children = (
				10B46F0829DD76E3004273EB /* VCs */,
				10B46F0929DD76EE004273EB /* Classes */,
				10B46F0A29DD76F7004273EB /* Cells */,
				10B46F0B29DD7703004273EB /* Designs */,
				10B46F0C29DD770C004273EB /* Models */,
			);
			path = Sources;
			sourceTree = "<group>";
		};
		10B46F0629DD76C6004273EB /* Storyboards */ = {
			isa = PBXGroup;
			children = (
				10B46EFB29DD7534004273EB /* LaunchScreen.storyboard */,
			);
			path = Storyboards;
			sourceTree = "<group>";
		};
		10B46F0729DD76D0004273EB /* APIServices */ = {
			isa = PBXGroup;
			children = (
			);
			path = APIServices;
			sourceTree = "<group>";
		};
		10B46F0829DD76E3004273EB /* VCs */ = {
			isa = PBXGroup;
			children = (
				10A838E929E6882D0027AFDA /* HomeViewController.swift */,
				10B46EF429DD7533004273EB /* ViewController.swift */,
			);
			path = VCs;
			sourceTree = "<group>";
		};
		10B46F0929DD76EE004273EB /* Classes */ = {
			isa = PBXGroup;
			children = (
			);
			path = Classes;
			sourceTree = "<group>";
		};
		10B46F0A29DD76F7004273EB /* Cells */ = {
			isa = PBXGroup;
			children = (
			);
			path = Cells;
			sourceTree = "<group>";
		};
		10B46F0B29DD7703004273EB /* Designs */ = {
			isa = PBXGroup;
			children = (
			);
			path = Designs;
			sourceTree = "<group>";
		};
		10B46F0C29DD770C004273EB /* Models */ = {
			isa = PBXGroup;
			children = (
			);
			path = Models;
			sourceTree = "<group>";
		};
/* End PBXGroup section */

/* Begin PBXNativeTarget section */
		10B46EEC29DD7533004273EB /* ColorMemoryBook */ = {
			isa = PBXNativeTarget;
			buildConfigurationList = 10B46F0129DD7534004273EB /* Build configuration list for PBXNativeTarget "ColorMemoryBook" */;
			buildPhases = (
				10B46EE929DD7533004273EB /* Sources */,
				10B46EEA29DD7533004273EB /* Frameworks */,
				10B46EEB29DD7533004273EB /* Resources */,
			);
			buildRules = (
			);
			dependencies = (
			);
			name = ColorMemoryBook;
			packageProductDependencies = (
				10A838EC29E68F290027AFDA /* SnapKit */,
			);
			productName = ColorMemoryBook;
			productReference = 10B46EED29DD7533004273EB /* ColorMemoryBook.app */;
			productType = "com.apple.product-type.application";
		};
/* End PBXNativeTarget section */

/* Begin PBXProject section */
		10B46EE529DD7533004273EB /* Project object */ = {
			isa = PBXProject;
			attributes = {
				BuildIndependentTargetsInParallel = 1;
				LastSwiftUpdateCheck = 1410;
				LastUpgradeCheck = 1410;
				TargetAttributes = {
					10B46EEC29DD7533004273EB = {
						CreatedOnToolsVersion = 14.1;
					};
				};
			};
			buildConfigurationList = 10B46EE829DD7533004273EB /* Build configuration list for PBXProject "ColorMemoryBook" */;
			compatibilityVersion = "Xcode 14.0";
			developmentRegion = en;
			hasScannedForEncodings = 0;
			knownRegions = (
				en,
				Base,
			);
			mainGroup = 10B46EE429DD7533004273EB;
			packageReferences = (
				10A838EB29E68F290027AFDA /* XCRemoteSwiftPackageReference "SnapKit" */,
			);
			productRefGroup = 10B46EEE29DD7533004273EB /* Products */;
			projectDirPath = "";
			projectRoot = "";
			targets = (
				10B46EEC29DD7533004273EB /* ColorMemoryBook */,
			);
		};
/* End PBXProject section */

/* Begin PBXResourcesBuildPhase section */
		10B46EEB29DD7533004273EB /* Resources */ = {
			isa = PBXResourcesBuildPhase;
			buildActionMask = 2147483647;
			files = (
				10B46EFD29DD7534004273EB /* LaunchScreen.storyboard in Resources */,
				10B46EFA29DD7534004273EB /* Assets.xcassets in Resources */,
			);
			runOnlyForDeploymentPostprocessing = 0;
		};
/* End PBXResourcesBuildPhase section */

/* Begin PBXSourcesBuildPhase section */
		10B46EE929DD7533004273EB /* Sources */ = {
			isa = PBXSourcesBuildPhase;
			buildActionMask = 2147483647;
			files = (
				10B46EF529DD7533004273EB /* ViewController.swift in Sources */,
				10B46EF129DD7533004273EB /* AppDelegate.swift in Sources */,
				10B46EF329DD7533004273EB /* SceneDelegate.swift in Sources */,
				10A838EA29E6882D0027AFDA /* HomeViewController.swift in Sources */,
			);
			runOnlyForDeploymentPostprocessing = 0;
		};
/* End PBXSourcesBuildPhase section */

/* Begin PBXVariantGroup section */
		10B46EFB29DD7534004273EB /* LaunchScreen.storyboard */ = {
			isa = PBXVariantGroup;
			children = (
				10B46EFC29DD7534004273EB /* Base */,
			);
			name = LaunchScreen.storyboard;
			sourceTree = "<group>";
		};
/* End PBXVariantGroup section */

/* Begin XCBuildConfiguration section */
		10B46EFF29DD7534004273EB /* Debug */ = {
			isa = XCBuildConfiguration;
			buildSettings = {
				ALWAYS_SEARCH_USER_PATHS = NO;
				CLANG_ANALYZER_NONNULL = YES;
				CLANG_ANALYZER_NUMBER_OBJECT_CONVERSION = YES_AGGRESSIVE;
				CLANG_CXX_LANGUAGE_STANDARD = "gnu++20";
				CLANG_ENABLE_MODULES = YES;
				CLANG_ENABLE_OBJC_ARC = YES;
				CLANG_ENABLE_OBJC_WEAK = YES;
				CLANG_WARN_BLOCK_CAPTURE_AUTORELEASING = YES;
				CLANG_WARN_BOOL_CONVERSION = YES;
				CLANG_WARN_COMMA = YES;
				CLANG_WARN_CONSTANT_CONVERSION = YES;
				CLANG_WARN_DEPRECATED_OBJC_IMPLEMENTATIONS = YES;
				CLANG_WARN_DIRECT_OBJC_ISA_USAGE = YES_ERROR;
				CLANG_WARN_DOCUMENTATION_COMMENTS = YES;
				CLANG_WARN_EMPTY_BODY = YES;
				CLANG_WARN_ENUM_CONVERSION = YES;
				CLANG_WARN_INFINITE_RECURSION = YES;
				CLANG_WARN_INT_CONVERSION = YES;
				CLANG_WARN_NON_LITERAL_NULL_CONVERSION = YES;
				CLANG_WARN_OBJC_IMPLICIT_RETAIN_SELF = YES;
				CLANG_WARN_OBJC_LITERAL_CONVERSION = YES;
				CLANG_WARN_OBJC_ROOT_CLASS = YES_ERROR;
				CLANG_WARN_QUOTED_INCLUDE_IN_FRAMEWORK_HEADER = YES;
				CLANG_WARN_RANGE_LOOP_ANALYSIS = YES;
				CLANG_WARN_STRICT_PROTOTYPES = YES;
				CLANG_WARN_SUSPICIOUS_MOVE = YES;
				CLANG_WARN_UNGUARDED_AVAILABILITY = YES_AGGRESSIVE;
				CLANG_WARN_UNREACHABLE_CODE = YES;
				CLANG_WARN__DUPLICATE_METHOD_MATCH = YES;
				COPY_PHASE_STRIP = NO;
				DEBUG_INFORMATION_FORMAT = dwarf;
				ENABLE_STRICT_OBJC_MSGSEND = YES;
				ENABLE_TESTABILITY = YES;
				GCC_C_LANGUAGE_STANDARD = gnu11;
				GCC_DYNAMIC_NO_PIC = NO;
				GCC_NO_COMMON_BLOCKS = YES;
				GCC_OPTIMIZATION_LEVEL = 0;
				GCC_PREPROCESSOR_DEFINITIONS = (
					"DEBUG=1",
					"$(inherited)",
				);
				GCC_WARN_64_TO_32_BIT_CONVERSION = YES;
				GCC_WARN_ABOUT_RETURN_TYPE = YES_ERROR;
				GCC_WARN_UNDECLARED_SELECTOR = YES;
				GCC_WARN_UNINITIALIZED_AUTOS = YES_AGGRESSIVE;
				GCC_WARN_UNUSED_FUNCTION = YES;
				GCC_WARN_UNUSED_VARIABLE = YES;
				IPHONEOS_DEPLOYMENT_TARGET = 16.1;
				MTL_ENABLE_DEBUG_INFO = INCLUDE_SOURCE;
				MTL_FAST_MATH = YES;
				ONLY_ACTIVE_ARCH = YES;
				SDKROOT = iphoneos;
				SWIFT_ACTIVE_COMPILATION_CONDITIONS = DEBUG;
				SWIFT_OPTIMIZATION_LEVEL = "-Onone";
			};
			name = Debug;
		};
		10B46F0029DD7534004273EB /* Release */ = {
			isa = XCBuildConfiguration;
			buildSettings = {
				ALWAYS_SEARCH_USER_PATHS = NO;
				CLANG_ANALYZER_NONNULL = YES;
				CLANG_ANALYZER_NUMBER_OBJECT_CONVERSION = YES_AGGRESSIVE;
				CLANG_CXX_LANGUAGE_STANDARD = "gnu++20";
				CLANG_ENABLE_MODULES = YES;
				CLANG_ENABLE_OBJC_ARC = YES;
				CLANG_ENABLE_OBJC_WEAK = YES;
				CLANG_WARN_BLOCK_CAPTURE_AUTORELEASING = YES;
				CLANG_WARN_BOOL_CONVERSION = YES;
				CLANG_WARN_COMMA = YES;
				CLANG_WARN_CONSTANT_CONVERSION = YES;
				CLANG_WARN_DEPRECATED_OBJC_IMPLEMENTATIONS = YES;
				CLANG_WARN_DIRECT_OBJC_ISA_USAGE = YES_ERROR;
				CLANG_WARN_DOCUMENTATION_COMMENTS = YES;
				CLANG_WARN_EMPTY_BODY = YES;
				CLANG_WARN_ENUM_CONVERSION = YES;
				CLANG_WARN_INFINITE_RECURSION = YES;
				CLANG_WARN_INT_CONVERSION = YES;
				CLANG_WARN_NON_LITERAL_NULL_CONVERSION = YES;
				CLANG_WARN_OBJC_IMPLICIT_RETAIN_SELF = YES;
				CLANG_WARN_OBJC_LITERAL_CONVERSION = YES;
				CLANG_WARN_OBJC_ROOT_CLASS = YES_ERROR;
				CLANG_WARN_QUOTED_INCLUDE_IN_FRAMEWORK_HEADER = YES;
				CLANG_WARN_RANGE_LOOP_ANALYSIS = YES;
				CLANG_WARN_STRICT_PROTOTYPES = YES;
				CLANG_WARN_SUSPICIOUS_MOVE = YES;
				CLANG_WARN_UNGUARDED_AVAILABILITY = YES_AGGRESSIVE;
				CLANG_WARN_UNREACHABLE_CODE = YES;
				CLANG_WARN__DUPLICATE_METHOD_MATCH = YES;
				COPY_PHASE_STRIP = NO;
				DEBUG_INFORMATION_FORMAT = "dwarf-with-dsym";
				ENABLE_NS_ASSERTIONS = NO;
				ENABLE_STRICT_OBJC_MSGSEND = YES;
				GCC_C_LANGUAGE_STANDARD = gnu11;
				GCC_NO_COMMON_BLOCKS = YES;
				GCC_WARN_64_TO_32_BIT_CONVERSION = YES;
				GCC_WARN_ABOUT_RETURN_TYPE = YES_ERROR;
				GCC_WARN_UNDECLARED_SELECTOR = YES;
				GCC_WARN_UNINITIALIZED_AUTOS = YES_AGGRESSIVE;
				GCC_WARN_UNUSED_FUNCTION = YES;
				GCC_WARN_UNUSED_VARIABLE = YES;
				IPHONEOS_DEPLOYMENT_TARGET = 16.1;
				MTL_ENABLE_DEBUG_INFO = NO;
				MTL_FAST_MATH = YES;
				SDKROOT = iphoneos;
				SWIFT_COMPILATION_MODE = wholemodule;
				SWIFT_OPTIMIZATION_LEVEL = "-O";
				VALIDATE_PRODUCT = YES;
			};
			name = Release;
		};
		10B46F0229DD7534004273EB /* Debug */ = {
			isa = XCBuildConfiguration;
			buildSettings = {
				ASSETCATALOG_COMPILER_APPICON_NAME = AppIcon;
				ASSETCATALOG_COMPILER_GLOBAL_ACCENT_COLOR_NAME = AccentColor;
				CODE_SIGN_STYLE = Automatic;
				CURRENT_PROJECT_VERSION = 1;
				DEVELOPMENT_TEAM = 6UJYJPDXP4;
				GENERATE_INFOPLIST_FILE = YES;
				INFOPLIST_FILE = ColorMemoryBook/Info.plist;
				INFOPLIST_KEY_UIApplicationSupportsIndirectInputEvents = YES;
				INFOPLIST_KEY_UILaunchStoryboardName = LaunchScreen.storyboard;
				INFOPLIST_KEY_UISupportedInterfaceOrientations_iPad = "UIInterfaceOrientationPortrait UIInterfaceOrientationPortraitUpsideDown UIInterfaceOrientationLandscapeLeft UIInterfaceOrientationLandscapeRight";
				INFOPLIST_KEY_UISupportedInterfaceOrientations_iPhone = "UIInterfaceOrientationPortrait UIInterfaceOrientationLandscapeLeft UIInterfaceOrientationLandscapeRight";
				IPHONEOS_DEPLOYMENT_TARGET = 14.0;
				LD_RUNPATH_SEARCH_PATHS = (
					"$(inherited)",
					"@executable_path/Frameworks",
				);
				MARKETING_VERSION = 1.0;
				PRODUCT_BUNDLE_IDENTIFIER = codebase.ColorMemoryBook;
				PRODUCT_NAME = "$(TARGET_NAME)";
				SWIFT_EMIT_LOC_STRINGS = YES;
				SWIFT_VERSION = 5.0;
				TARGETED_DEVICE_FAMILY = "1,2";
			};
			name = Debug;
		};
		10B46F0329DD7534004273EB /* Release */ = {
			isa = XCBuildConfiguration;
			buildSettings = {
				ASSETCATALOG_COMPILER_APPICON_NAME = AppIcon;
				ASSETCATALOG_COMPILER_GLOBAL_ACCENT_COLOR_NAME = AccentColor;
				CODE_SIGN_STYLE = Automatic;
				CURRENT_PROJECT_VERSION = 1;
				DEVELOPMENT_TEAM = 6UJYJPDXP4;
				GENERATE_INFOPLIST_FILE = YES;
				INFOPLIST_FILE = ColorMemoryBook/Info.plist;
				INFOPLIST_KEY_UIApplicationSupportsIndirectInputEvents = YES;
				INFOPLIST_KEY_UILaunchStoryboardName = LaunchScreen.storyboard;
				INFOPLIST_KEY_UISupportedInterfaceOrientations_iPad = "UIInterfaceOrientationPortrait UIInterfaceOrientationPortraitUpsideDown UIInterfaceOrientationLandscapeLeft UIInterfaceOrientationLandscapeRight";
				INFOPLIST_KEY_UISupportedInterfaceOrientations_iPhone = "UIInterfaceOrientationPortrait UIInterfaceOrientationLandscapeLeft UIInterfaceOrientationLandscapeRight";
				IPHONEOS_DEPLOYMENT_TARGET = 14.0;
				LD_RUNPATH_SEARCH_PATHS = (
					"$(inherited)",
					"@executable_path/Frameworks",
				);
				MARKETING_VERSION = 1.0;
				PRODUCT_BUNDLE_IDENTIFIER = codebase.ColorMemoryBook;
				PRODUCT_NAME = "$(TARGET_NAME)";
				SWIFT_EMIT_LOC_STRINGS = YES;
				SWIFT_VERSION = 5.0;
				TARGETED_DEVICE_FAMILY = "1,2";
			};
			name = Release;
		};
/* End XCBuildConfiguration section */

/* Begin XCConfigurationList section */
		10B46EE829DD7533004273EB /* Build configuration list for PBXProject "ColorMemoryBook" */ = {
			isa = XCConfigurationList;
			buildConfigurations = (
				10B46EFF29DD7534004273EB /* Debug */,
				10B46F0029DD7534004273EB /* Release */,
			);
			defaultConfigurationIsVisible = 0;
			defaultConfigurationName = Release;
		};
		10B46F0129DD7534004273EB /* Build configuration list for PBXNativeTarget "ColorMemoryBook" */ = {
			isa = XCConfigurationList;
			buildConfigurations = (
				10B46F0229DD7534004273EB /* Debug */,
				10B46F0329DD7534004273EB /* Release */,
			);
			defaultConfigurationIsVisible = 0;
			defaultConfigurationName = Release;
		};
/* End XCConfigurationList section */

/* Begin XCRemoteSwiftPackageReference section */
		10A838EB29E68F290027AFDA /* XCRemoteSwiftPackageReference "SnapKit" */ = {
			isa = XCRemoteSwiftPackageReference;
			repositoryURL = "https://github.com/SnapKit/SnapKit.git";
			requirement = {
				kind = upToNextMajorVersion;
				minimumVersion = 5.0.0;
			};
		};
/* End XCRemoteSwiftPackageReference section */

/* Begin XCSwiftPackageProductDependency section */
		10A838EC29E68F290027AFDA /* SnapKit */ = {
			isa = XCSwiftPackageProductDependency;
			package = 10A838EB29E68F290027AFDA /* XCRemoteSwiftPackageReference "SnapKit" */;
			productName = SnapKit;
		};
/* End XCSwiftPackageProductDependency section */
	};
	rootObject = 10B46EE529DD7533004273EB /* Project object */;
}
