// !$*UTF8*$!
{
	archiveVersion = 1;
	classes = {
	};
	objectVersion = 56;
	objects = {

/* Begin PBXBuildFile section */
		1050ACD329F14A2A00C9F1E4 /* Then in Frameworks */ = {isa = PBXBuildFile; productRef = 1050ACD229F14A2A00C9F1E4 /* Then */; };
		1050ACD729F500C700C9F1E4 /* MemoryModel.swift in Sources */ = {isa = PBXBuildFile; fileRef = 1050ACD629F500C700C9F1E4 /* MemoryModel.swift */; };
		1050ACD929F5030100C9F1E4 /* HiddenButton.swift in Sources */ = {isa = PBXBuildFile; fileRef = 1050ACD829F5030100C9F1E4 /* HiddenButton.swift */; };
		1050ACDE29F547CA00C9F1E4 /* MemoryListViewModel.swift in Sources */ = {isa = PBXBuildFile; fileRef = 1050ACDD29F547CA00C9F1E4 /* MemoryListViewModel.swift */; };
		105DE53229ED359D00FE4321 /* ColorFilterButton.swift in Sources */ = {isa = PBXBuildFile; fileRef = 105DE53129ED359D00FE4321 /* ColorFilterButton.swift */; };
		1094F7A72A052CE400EE680D /* TagCell.swift in Sources */ = {isa = PBXBuildFile; fileRef = 1094F7A62A052CE400EE680D /* TagCell.swift */; };
		1094F7A92A0535DB00EE680D /* MemoryImageCell.swift in Sources */ = {isa = PBXBuildFile; fileRef = 1094F7A82A0535DB00EE680D /* MemoryImageCell.swift */; };
		109F480229EA899D00153C80 /* BaseVIewController.swift in Sources */ = {isa = PBXBuildFile; fileRef = 109F480129EA899D00153C80 /* BaseVIewController.swift */; };
		109F480429EA8ED900153C80 /* UICollectionView+.swift in Sources */ = {isa = PBXBuildFile; fileRef = 109F480329EA8ED900153C80 /* UICollectionView+.swift */; };
		10A838EA29E6882D0027AFDA /* HomeViewController.swift in Sources */ = {isa = PBXBuildFile; fileRef = 10A838E929E6882D0027AFDA /* HomeViewController.swift */; };
		10A838ED29E68F290027AFDA /* SnapKit in Frameworks */ = {isa = PBXBuildFile; productRef = 10A838EC29E68F290027AFDA /* SnapKit */; };
		10B46EF129DD7533004273EB /* AppDelegate.swift in Sources */ = {isa = PBXBuildFile; fileRef = 10B46EF029DD7533004273EB /* AppDelegate.swift */; };
		10B46EF329DD7533004273EB /* SceneDelegate.swift in Sources */ = {isa = PBXBuildFile; fileRef = 10B46EF229DD7533004273EB /* SceneDelegate.swift */; };
		10B46EFA29DD7534004273EB /* Assets.xcassets in Resources */ = {isa = PBXBuildFile; fileRef = 10B46EF929DD7534004273EB /* Assets.xcassets */; };
		10B46EFD29DD7534004273EB /* LaunchScreen.storyboard in Resources */ = {isa = PBXBuildFile; fileRef = 10B46EFB29DD7534004273EB /* LaunchScreen.storyboard */; };
		10B6544629E6F4D30053523F /* UIView+.swift in Sources */ = {isa = PBXBuildFile; fileRef = 10B6544529E6F4D30053523F /* UIView+.swift */; };
		10B6544829E728D60053523F /* UIViewController+.swift in Sources */ = {isa = PBXBuildFile; fileRef = 10B6544729E728D60053523F /* UIViewController+.swift */; };
		10B6544A29E73C2C0053523F /* SignInViewController.swift in Sources */ = {isa = PBXBuildFile; fileRef = 10B6544929E73C2C0053523F /* SignInViewController.swift */; };
		10B6544C29E74CC40053523F /* UIColor+.swift in Sources */ = {isa = PBXBuildFile; fileRef = 10B6544B29E74CC40053523F /* UIColor+.swift */; };
		10B6544E29E99B6F0053523F /* CameraViewController.swift in Sources */ = {isa = PBXBuildFile; fileRef = 10B6544D29E99B6F0053523F /* CameraViewController.swift */; };
		10CC68A229F0036F006C939C /* RxCocoa in Frameworks */ = {isa = PBXBuildFile; productRef = 10CC68A129F0036F006C939C /* RxCocoa */; };
		10CC68A429F0036F006C939C /* RxSwift in Frameworks */ = {isa = PBXBuildFile; productRef = 10CC68A329F0036F006C939C /* RxSwift */; };
		10CCA2C02A03909F0067864D /* MemoryBookViewController.swift in Sources */ = {isa = PBXBuildFile; fileRef = 10CCA2BF2A03909F0067864D /* MemoryBookViewController.swift */; };
		10D358E429E698E2004AEE4B /* MemoryBookCell.swift in Sources */ = {isa = PBXBuildFile; fileRef = 10D358E329E698E2004AEE4B /* MemoryBookCell.swift */; };
		10E381302A187F8500DF01F7 /* RecordMemroyViewController.swift in Sources */ = {isa = PBXBuildFile; fileRef = 10E3812F2A187F8500DF01F7 /* RecordMemroyViewController.swift */; };
		10E381322A18806700DF01F7 /* EditableTagCell.swift in Sources */ = {isa = PBXBuildFile; fileRef = 10E381312A18806700DF01F7 /* EditableTagCell.swift */; };
		10E381352A18811F00DF01F7 /* WSTagsField in Frameworks */ = {isa = PBXBuildFile; productRef = 10E381342A18811F00DF01F7 /* WSTagsField */; };
		10E381402A18960B00DF01F7 /* CompleteButtonCell.swift in Sources */ = {isa = PBXBuildFile; fileRef = 10E3813F2A18960B00DF01F7 /* CompleteButtonCell.swift */; };
		10F913DE2A1209C800FAAAE5 /* TextViewCell.swift in Sources */ = {isa = PBXBuildFile; fileRef = 10F913DD2A1209C800FAAAE5 /* TextViewCell.swift */; };
		10F913E02A122C1F00FAAAE5 /* HeaderView.swift in Sources */ = {isa = PBXBuildFile; fileRef = 10F913DF2A122C1F00FAAAE5 /* HeaderView.swift */; };
/* End PBXBuildFile section */

/* Begin PBXFileReference section */
		1050ACD629F500C700C9F1E4 /* MemoryModel.swift */ = {isa = PBXFileReference; lastKnownFileType = sourcecode.swift; path = MemoryModel.swift; sourceTree = "<group>"; };
		1050ACD829F5030100C9F1E4 /* HiddenButton.swift */ = {isa = PBXFileReference; lastKnownFileType = sourcecode.swift; path = HiddenButton.swift; sourceTree = "<group>"; };
		1050ACDD29F547CA00C9F1E4 /* MemoryListViewModel.swift */ = {isa = PBXFileReference; lastKnownFileType = sourcecode.swift; path = MemoryListViewModel.swift; sourceTree = "<group>"; };
		105DE53129ED359D00FE4321 /* ColorFilterButton.swift */ = {isa = PBXFileReference; lastKnownFileType = sourcecode.swift; path = ColorFilterButton.swift; sourceTree = "<group>"; };
		1094F7A62A052CE400EE680D /* TagCell.swift */ = {isa = PBXFileReference; lastKnownFileType = sourcecode.swift; path = TagCell.swift; sourceTree = "<group>"; };
		1094F7A82A0535DB00EE680D /* MemoryImageCell.swift */ = {isa = PBXFileReference; lastKnownFileType = sourcecode.swift; path = MemoryImageCell.swift; sourceTree = "<group>"; };
		1094F7AA2A0B94CC00EE680D /* ColorMemoryBook.entitlements */ = {isa = PBXFileReference; lastKnownFileType = text.plist.entitlements; path = ColorMemoryBook.entitlements; sourceTree = "<group>"; };
		109F480129EA899D00153C80 /* BaseVIewController.swift */ = {isa = PBXFileReference; lastKnownFileType = sourcecode.swift; path = BaseVIewController.swift; sourceTree = "<group>"; };
		109F480329EA8ED900153C80 /* UICollectionView+.swift */ = {isa = PBXFileReference; lastKnownFileType = sourcecode.swift; path = "UICollectionView+.swift"; sourceTree = "<group>"; };
		10A838E929E6882D0027AFDA /* HomeViewController.swift */ = {isa = PBXFileReference; lastKnownFileType = sourcecode.swift; path = HomeViewController.swift; sourceTree = "<group>"; };
		10B46EED29DD7533004273EB /* ColorMemoryBook.app */ = {isa = PBXFileReference; explicitFileType = wrapper.application; includeInIndex = 0; path = ColorMemoryBook.app; sourceTree = BUILT_PRODUCTS_DIR; };
		10B46EF029DD7533004273EB /* AppDelegate.swift */ = {isa = PBXFileReference; lastKnownFileType = sourcecode.swift; path = AppDelegate.swift; sourceTree = "<group>"; };
		10B46EF229DD7533004273EB /* SceneDelegate.swift */ = {isa = PBXFileReference; lastKnownFileType = sourcecode.swift; path = SceneDelegate.swift; sourceTree = "<group>"; };
		10B46EF929DD7534004273EB /* Assets.xcassets */ = {isa = PBXFileReference; lastKnownFileType = folder.assetcatalog; path = Assets.xcassets; sourceTree = "<group>"; };
		10B46EFC29DD7534004273EB /* Base */ = {isa = PBXFileReference; lastKnownFileType = file.storyboard; name = Base; path = Base.lproj/LaunchScreen.storyboard; sourceTree = "<group>"; };
		10B46EFE29DD7534004273EB /* Info.plist */ = {isa = PBXFileReference; lastKnownFileType = text.plist.xml; path = Info.plist; sourceTree = "<group>"; };
		10B6544529E6F4D30053523F /* UIView+.swift */ = {isa = PBXFileReference; lastKnownFileType = sourcecode.swift; path = "UIView+.swift"; sourceTree = "<group>"; };
		10B6544729E728D60053523F /* UIViewController+.swift */ = {isa = PBXFileReference; lastKnownFileType = sourcecode.swift; path = "UIViewController+.swift"; sourceTree = "<group>"; };
		10B6544929E73C2C0053523F /* SignInViewController.swift */ = {isa = PBXFileReference; lastKnownFileType = sourcecode.swift; path = SignInViewController.swift; sourceTree = "<group>"; };
		10B6544B29E74CC40053523F /* UIColor+.swift */ = {isa = PBXFileReference; lastKnownFileType = sourcecode.swift; path = "UIColor+.swift"; sourceTree = "<group>"; };
		10B6544D29E99B6F0053523F /* CameraViewController.swift */ = {isa = PBXFileReference; lastKnownFileType = sourcecode.swift; path = CameraViewController.swift; sourceTree = "<group>"; wrapsLines = 0; };
		10CCA2BF2A03909F0067864D /* MemoryBookViewController.swift */ = {isa = PBXFileReference; lastKnownFileType = sourcecode.swift; path = MemoryBookViewController.swift; sourceTree = "<group>"; };
		10D358E329E698E2004AEE4B /* MemoryBookCell.swift */ = {isa = PBXFileReference; lastKnownFileType = sourcecode.swift; name = MemoryBookCell.swift; path = ColorMemoryBook/Sources/Cells/MemoryBookCell.swift; sourceTree = SOURCE_ROOT; };
		10E3812F2A187F8500DF01F7 /* RecordMemroyViewController.swift */ = {isa = PBXFileReference; lastKnownFileType = sourcecode.swift; path = RecordMemroyViewController.swift; sourceTree = "<group>"; };
		10E381312A18806700DF01F7 /* EditableTagCell.swift */ = {isa = PBXFileReference; lastKnownFileType = sourcecode.swift; path = EditableTagCell.swift; sourceTree = "<group>"; };
		10E3813F2A18960B00DF01F7 /* CompleteButtonCell.swift */ = {isa = PBXFileReference; lastKnownFileType = sourcecode.swift; path = CompleteButtonCell.swift; sourceTree = "<group>"; };
		10F913DD2A1209C800FAAAE5 /* TextViewCell.swift */ = {isa = PBXFileReference; lastKnownFileType = sourcecode.swift; path = TextViewCell.swift; sourceTree = "<group>"; };
		10F913DF2A122C1F00FAAAE5 /* HeaderView.swift */ = {isa = PBXFileReference; lastKnownFileType = sourcecode.swift; path = HeaderView.swift; sourceTree = "<group>"; };
/* End PBXFileReference section */

/* Begin PBXFrameworksBuildPhase section */
		10B46EEA29DD7533004273EB /* Frameworks */ = {
			isa = PBXFrameworksBuildPhase;
			buildActionMask = 2147483647;
			files = (
				10CC68A429F0036F006C939C /* RxSwift in Frameworks */,
				10CC68A229F0036F006C939C /* RxCocoa in Frameworks */,
				10A838ED29E68F290027AFDA /* SnapKit in Frameworks */,
				10E381352A18811F00DF01F7 /* WSTagsField in Frameworks */,
				1050ACD329F14A2A00C9F1E4 /* Then in Frameworks */,
			);
			runOnlyForDeploymentPostprocessing = 0;
		};
/* End PBXFrameworksBuildPhase section */

/* Begin PBXGroup section */
		1050ACD529F500AB00C9F1E4 /* ViewModels */ = {
			isa = PBXGroup;
			children = (
				1050ACDD29F547CA00C9F1E4 /* MemoryListViewModel.swift */,
			);
			path = ViewModels;
			sourceTree = "<group>";
		};
		1050ACDA29F5381B00C9F1E4 /* Models */ = {
			isa = PBXGroup;
			children = (
				1050ACD629F500C700C9F1E4 /* MemoryModel.swift */,
			);
			path = Models;
			sourceTree = "<group>";
		};
		105DE53029ED358D00FE4321 /* Classes */ = {
			isa = PBXGroup;
			children = (
				105DE53129ED359D00FE4321 /* ColorFilterButton.swift */,
				1050ACD829F5030100C9F1E4 /* HiddenButton.swift */,
				10F913DF2A122C1F00FAAAE5 /* HeaderView.swift */,
			);
			path = Classes;
			sourceTree = "<group>";
		};
		10B46EE429DD7533004273EB = {
			isa = PBXGroup;
			children = (
				10B46EEF29DD7533004273EB /* ColorMemoryBook */,
				10B46EEE29DD7533004273EB /* Products */,
			);
			sourceTree = "<group>";
		};
		10B46EEE29DD7533004273EB /* Products */ = {
			isa = PBXGroup;
			children = (
				10B46EED29DD7533004273EB /* ColorMemoryBook.app */,
			);
			name = Products;
			sourceTree = "<group>";
		};
		10B46EEF29DD7533004273EB /* ColorMemoryBook */ = {
			isa = PBXGroup;
			children = (
				1094F7AA2A0B94CC00EE680D /* ColorMemoryBook.entitlements */,
				10B46F0429DD7684004273EB /* Resources */,
				10B46F0529DD7699004273EB /* Sources */,
				10B46EFE29DD7534004273EB /* Info.plist */,
			);
			path = ColorMemoryBook;
			sourceTree = "<group>";
		};
		10B46F0429DD7684004273EB /* Resources */ = {
			isa = PBXGroup;
			children = (
				10B46EF929DD7534004273EB /* Assets.xcassets */,
				10B46EF229DD7533004273EB /* SceneDelegate.swift */,
				10B46EF029DD7533004273EB /* AppDelegate.swift */,
				10B46F0629DD76C6004273EB /* Storyboards */,
				10B46F0729DD76D0004273EB /* APIServices */,
			);
			path = Resources;
			sourceTree = "<group>";
		};
		10B46F0529DD7699004273EB /* Sources */ = {
			isa = PBXGroup;
			children = (
				105DE53029ED358D00FE4321 /* Classes */,
				10B6544429E6F4C00053523F /* Cells */,
				10B6544329E6F4530053523F /* Extensions */,
				10B46F0829DD76E3004273EB /* Views */,
				1050ACDA29F5381B00C9F1E4 /* Models */,
				1050ACD529F500AB00C9F1E4 /* ViewModels */,
			);
			path = Sources;
			sourceTree = "<group>";
		};
		10B46F0629DD76C6004273EB /* Storyboards */ = {
			isa = PBXGroup;
			children = (
				10B46EFB29DD7534004273EB /* LaunchScreen.storyboard */,
			);
			path = Storyboards;
			sourceTree = "<group>";
		};
		10B46F0729DD76D0004273EB /* APIServices */ = {
			isa = PBXGroup;
			children = (
			);
			path = APIServices;
			sourceTree = "<group>";
		};
		10B46F0829DD76E3004273EB /* Views */ = {
			isa = PBXGroup;
			children = (
				109F480129EA899D00153C80 /* BaseVIewController.swift */,
				10B6544929E73C2C0053523F /* SignInViewController.swift */,
				10A838E929E6882D0027AFDA /* HomeViewController.swift */,
				10B6544D29E99B6F0053523F /* CameraViewController.swift */,
				10CCA2BF2A03909F0067864D /* MemoryBookViewController.swift */,
				10E3812F2A187F8500DF01F7 /* RecordMemroyViewController.swift */,
			);
			path = Views;
			sourceTree = "<group>";
		};
		10B6544329E6F4530053523F /* Extensions */ = {
			isa = PBXGroup;
			children = (
				10B6544529E6F4D30053523F /* UIView+.swift */,
				10B6544729E728D60053523F /* UIViewController+.swift */,
				10B6544B29E74CC40053523F /* UIColor+.swift */,
				109F480329EA8ED900153C80 /* UICollectionView+.swift */,
			);
			path = Extensions;
			sourceTree = "<group>";
		};
		10B6544429E6F4C00053523F /* Cells */ = {
			isa = PBXGroup;
			children = (
				10D358E329E698E2004AEE4B /* MemoryBookCell.swift */,
				1094F7A82A0535DB00EE680D /* MemoryImageCell.swift */,
				1094F7A62A052CE400EE680D /* TagCell.swift */,
				10E381312A18806700DF01F7 /* EditableTagCell.swift */,
				10F913DD2A1209C800FAAAE5 /* TextViewCell.swift */,
				10E3813F2A18960B00DF01F7 /* CompleteButtonCell.swift */,
			);
			path = Cells;
			sourceTree = "<group>";
		};
/* End PBXGroup section */

/* Begin PBXNativeTarget section */
		10B46EEC29DD7533004273EB /* ColorMemoryBook */ = {
			isa = PBXNativeTarget;
			buildConfigurationList = 10B46F0129DD7534004273EB /* Build configuration list for PBXNativeTarget "ColorMemoryBook" */;
			buildPhases = (
				10B46EE929DD7533004273EB /* Sources */,
				10B46EEA29DD7533004273EB /* Frameworks */,
				10B46EEB29DD7533004273EB /* Resources */,
			);
			buildRules = (
			);
			dependencies = (
			);
			name = ColorMemoryBook;
			packageProductDependencies = (
				10A838EC29E68F290027AFDA /* SnapKit */,
				10CC68A129F0036F006C939C /* RxCocoa */,
				10CC68A329F0036F006C939C /* RxSwift */,
				1050ACD229F14A2A00C9F1E4 /* Then */,
				10E381342A18811F00DF01F7 /* WSTagsField */,
			);
			productName = ColorMemoryBook;
			productReference = 10B46EED29DD7533004273EB /* ColorMemoryBook.app */;
			productType = "com.apple.product-type.application";
		};
/* End PBXNativeTarget section */

/* Begin PBXProject section */
		10B46EE529DD7533004273EB /* Project object */ = {
			isa = PBXProject;
			attributes = {
				BuildIndependentTargetsInParallel = 1;
				LastSwiftUpdateCheck = 1410;
				LastUpgradeCheck = 1410;
				TargetAttributes = {
					10B46EEC29DD7533004273EB = {
						CreatedOnToolsVersion = 14.1;
					};
				};
			};
			buildConfigurationList = 10B46EE829DD7533004273EB /* Build configuration list for PBXProject "ColorMemoryBook" */;
			compatibilityVersion = "Xcode 14.0";
			developmentRegion = en;
			hasScannedForEncodings = 0;
			knownRegions = (
				en,
				Base,
			);
			mainGroup = 10B46EE429DD7533004273EB;
			packageReferences = (
				10A838EB29E68F290027AFDA /* XCRemoteSwiftPackageReference "SnapKit" */,
				10CC68A029F0036F006C939C /* XCRemoteSwiftPackageReference "RxSwift" */,
				1050ACD129F14A2A00C9F1E4 /* XCRemoteSwiftPackageReference "Then" */,
				10E381332A18811F00DF01F7 /* XCRemoteSwiftPackageReference "WSTagsField" */,
			);
			productRefGroup = 10B46EEE29DD7533004273EB /* Products */;
			projectDirPath = "";
			projectRoot = "";
			targets = (
				10B46EEC29DD7533004273EB /* ColorMemoryBook */,
			);
		};
/* End PBXProject section */

/* Begin PBXResourcesBuildPhase section */
		10B46EEB29DD7533004273EB /* Resources */ = {
			isa = PBXResourcesBuildPhase;
			buildActionMask = 2147483647;
			files = (
				10B46EFD29DD7534004273EB /* LaunchScreen.storyboard in Resources */,
				10B46EFA29DD7534004273EB /* Assets.xcassets in Resources */,
			);
			runOnlyForDeploymentPostprocessing = 0;
		};
/* End PBXResourcesBuildPhase section */

/* Begin PBXSourcesBuildPhase section */
		10B46EE929DD7533004273EB /* Sources */ = {
			isa = PBXSourcesBuildPhase;
			buildActionMask = 2147483647;
			files = (
				1050ACD929F5030100C9F1E4 /* HiddenButton.swift in Sources */,
				10B6544829E728D60053523F /* UIViewController+.swift in Sources */,
				1094F7A92A0535DB00EE680D /* MemoryImageCell.swift in Sources */,
				10E381402A18960B00DF01F7 /* CompleteButtonCell.swift in Sources */,
				109F480229EA899D00153C80 /* BaseVIewController.swift in Sources */,
				10B6544C29E74CC40053523F /* UIColor+.swift in Sources */,
				10B6544629E6F4D30053523F /* UIView+.swift in Sources */,
				1050ACDE29F547CA00C9F1E4 /* MemoryListViewModel.swift in Sources */,
				109F480429EA8ED900153C80 /* UICollectionView+.swift in Sources */,
				10E381322A18806700DF01F7 /* EditableTagCell.swift in Sources */,
				10B46EF129DD7533004273EB /* AppDelegate.swift in Sources */,
				10F913DE2A1209C800FAAAE5 /* TextViewCell.swift in Sources */,
				10B6544A29E73C2C0053523F /* SignInViewController.swift in Sources */,
				105DE53229ED359D00FE4321 /* ColorFilterButton.swift in Sources */,
				1050ACD729F500C700C9F1E4 /* MemoryModel.swift in Sources */,
				10B46EF329DD7533004273EB /* SceneDelegate.swift in Sources */,
				10CCA2C02A03909F0067864D /* MemoryBookViewController.swift in Sources */,
				10F913E02A122C1F00FAAAE5 /* HeaderView.swift in Sources */,
				10E381302A187F8500DF01F7 /* RecordMemroyViewController.swift in Sources */,
				10D358E429E698E2004AEE4B /* MemoryBookCell.swift in Sources */,
				1094F7A72A052CE400EE680D /* TagCell.swift in Sources */,
				10B6544E29E99B6F0053523F /* CameraViewController.swift in Sources */,
				10A838EA29E6882D0027AFDA /* HomeViewController.swift in Sources */,
			);
			runOnlyForDeploymentPostprocessing = 0;
		};
/* End PBXSourcesBuildPhase section */

/* Begin PBXVariantGroup section */
		10B46EFB29DD7534004273EB /* LaunchScreen.storyboard */ = {
			isa = PBXVariantGroup;
			children = (
				10B46EFC29DD7534004273EB /* Base */,
			);
			name = LaunchScreen.storyboard;
			sourceTree = "<group>";
		};
/* End PBXVariantGroup section */

/* Begin XCBuildConfiguration section */
		10B46EFF29DD7534004273EB /* Debug */ = {
			isa = XCBuildConfiguration;
			buildSettings = {
				ALWAYS_SEARCH_USER_PATHS = NO;
				CLANG_ANALYZER_NONNULL = YES;
				CLANG_ANALYZER_NUMBER_OBJECT_CONVERSION = YES_AGGRESSIVE;
				CLANG_CXX_LANGUAGE_STANDARD = "gnu++20";
				CLANG_ENABLE_MODULES = YES;
				CLANG_ENABLE_OBJC_ARC = YES;
				CLANG_ENABLE_OBJC_WEAK = YES;
				CLANG_WARN_BLOCK_CAPTURE_AUTORELEASING = YES;
				CLANG_WARN_BOOL_CONVERSION = YES;
				CLANG_WARN_COMMA = YES;
				CLANG_WARN_CONSTANT_CONVERSION = YES;
				CLANG_WARN_DEPRECATED_OBJC_IMPLEMENTATIONS = YES;
				CLANG_WARN_DIRECT_OBJC_ISA_USAGE = YES_ERROR;
				CLANG_WARN_DOCUMENTATION_COMMENTS = YES;
				CLANG_WARN_EMPTY_BODY = YES;
				CLANG_WARN_ENUM_CONVERSION = YES;
				CLANG_WARN_INFINITE_RECURSION = YES;
				CLANG_WARN_INT_CONVERSION = YES;
				CLANG_WARN_NON_LITERAL_NULL_CONVERSION = YES;
				CLANG_WARN_OBJC_IMPLICIT_RETAIN_SELF = YES;
				CLANG_WARN_OBJC_LITERAL_CONVERSION = YES;
				CLANG_WARN_OBJC_ROOT_CLASS = YES_ERROR;
				CLANG_WARN_QUOTED_INCLUDE_IN_FRAMEWORK_HEADER = YES;
				CLANG_WARN_RANGE_LOOP_ANALYSIS = YES;
				CLANG_WARN_STRICT_PROTOTYPES = YES;
				CLANG_WARN_SUSPICIOUS_MOVE = YES;
				CLANG_WARN_UNGUARDED_AVAILABILITY = YES_AGGRESSIVE;
				CLANG_WARN_UNREACHABLE_CODE = YES;
				CLANG_WARN__DUPLICATE_METHOD_MATCH = YES;
				COPY_PHASE_STRIP = NO;
				DEBUG_INFORMATION_FORMAT = dwarf;
				ENABLE_STRICT_OBJC_MSGSEND = YES;
				ENABLE_TESTABILITY = YES;
				GCC_C_LANGUAGE_STANDARD = gnu11;
				GCC_DYNAMIC_NO_PIC = NO;
				GCC_NO_COMMON_BLOCKS = YES;
				GCC_OPTIMIZATION_LEVEL = 0;
				GCC_PREPROCESSOR_DEFINITIONS = (
					"DEBUG=1",
					"$(inherited)",
				);
				GCC_WARN_64_TO_32_BIT_CONVERSION = YES;
				GCC_WARN_ABOUT_RETURN_TYPE = YES_ERROR;
				GCC_WARN_UNDECLARED_SELECTOR = YES;
				GCC_WARN_UNINITIALIZED_AUTOS = YES_AGGRESSIVE;
				GCC_WARN_UNUSED_FUNCTION = YES;
				GCC_WARN_UNUSED_VARIABLE = YES;
				IPHONEOS_DEPLOYMENT_TARGET = 14.0;
				MTL_ENABLE_DEBUG_INFO = INCLUDE_SOURCE;
				MTL_FAST_MATH = YES;
				ONLY_ACTIVE_ARCH = YES;
				SDKROOT = iphoneos;
				SWIFT_ACTIVE_COMPILATION_CONDITIONS = DEBUG;
				SWIFT_OPTIMIZATION_LEVEL = "-Onone";
			};
			name = Debug;
		};
		10B46F0029DD7534004273EB /* Release */ = {
			isa = XCBuildConfiguration;
			buildSettings = {
				ALWAYS_SEARCH_USER_PATHS = NO;
				CLANG_ANALYZER_NONNULL = YES;
				CLANG_ANALYZER_NUMBER_OBJECT_CONVERSION = YES_AGGRESSIVE;
				CLANG_CXX_LANGUAGE_STANDARD = "gnu++20";
				CLANG_ENABLE_MODULES = YES;
				CLANG_ENABLE_OBJC_ARC = YES;
				CLANG_ENABLE_OBJC_WEAK = YES;
				CLANG_WARN_BLOCK_CAPTURE_AUTORELEASING = YES;
				CLANG_WARN_BOOL_CONVERSION = YES;
				CLANG_WARN_COMMA = YES;
				CLANG_WARN_CONSTANT_CONVERSION = YES;
				CLANG_WARN_DEPRECATED_OBJC_IMPLEMENTATIONS = YES;
				CLANG_WARN_DIRECT_OBJC_ISA_USAGE = YES_ERROR;
				CLANG_WARN_DOCUMENTATION_COMMENTS = YES;
				CLANG_WARN_EMPTY_BODY = YES;
				CLANG_WARN_ENUM_CONVERSION = YES;
				CLANG_WARN_INFINITE_RECURSION = YES;
				CLANG_WARN_INT_CONVERSION = YES;
				CLANG_WARN_NON_LITERAL_NULL_CONVERSION = YES;
				CLANG_WARN_OBJC_IMPLICIT_RETAIN_SELF = YES;
				CLANG_WARN_OBJC_LITERAL_CONVERSION = YES;
				CLANG_WARN_OBJC_ROOT_CLASS = YES_ERROR;
				CLANG_WARN_QUOTED_INCLUDE_IN_FRAMEWORK_HEADER = YES;
				CLANG_WARN_RANGE_LOOP_ANALYSIS = YES;
				CLANG_WARN_STRICT_PROTOTYPES = YES;
				CLANG_WARN_SUSPICIOUS_MOVE = YES;
				CLANG_WARN_UNGUARDED_AVAILABILITY = YES_AGGRESSIVE;
				CLANG_WARN_UNREACHABLE_CODE = YES;
				CLANG_WARN__DUPLICATE_METHOD_MATCH = YES;
				COPY_PHASE_STRIP = NO;
				DEBUG_INFORMATION_FORMAT = "dwarf-with-dsym";
				ENABLE_NS_ASSERTIONS = NO;
				ENABLE_STRICT_OBJC_MSGSEND = YES;
				GCC_C_LANGUAGE_STANDARD = gnu11;
				GCC_NO_COMMON_BLOCKS = YES;
				GCC_WARN_64_TO_32_BIT_CONVERSION = YES;
				GCC_WARN_ABOUT_RETURN_TYPE = YES_ERROR;
				GCC_WARN_UNDECLARED_SELECTOR = YES;
				GCC_WARN_UNINITIALIZED_AUTOS = YES_AGGRESSIVE;
				GCC_WARN_UNUSED_FUNCTION = YES;
				GCC_WARN_UNUSED_VARIABLE = YES;
				IPHONEOS_DEPLOYMENT_TARGET = 14.0;
				MTL_ENABLE_DEBUG_INFO = NO;
				MTL_FAST_MATH = YES;
				SDKROOT = iphoneos;
				SWIFT_COMPILATION_MODE = wholemodule;
				SWIFT_OPTIMIZATION_LEVEL = "-O";
				VALIDATE_PRODUCT = YES;
			};
			name = Release;
		};
		10B46F0229DD7534004273EB /* Debug */ = {
			isa = XCBuildConfiguration;
			buildSettings = {
				ASSETCATALOG_COMPILER_APPICON_NAME = AppIcon;
				ASSETCATALOG_COMPILER_GLOBAL_ACCENT_COLOR_NAME = AccentColor;
				CODE_SIGN_ENTITLEMENTS = ColorMemoryBook/ColorMemoryBook.entitlements;
				CODE_SIGN_STYLE = Automatic;
				CURRENT_PROJECT_VERSION = 1;
				DEVELOPMENT_TEAM = 6UJYJPDXP4;
				GENERATE_INFOPLIST_FILE = YES;
				INFOPLIST_FILE = ColorMemoryBook/Info.plist;
				INFOPLIST_KEY_NSCameraUsageDescription = "카메라 사용 권한이 필요합니다.";
				INFOPLIST_KEY_UIApplicationSupportsIndirectInputEvents = YES;
				INFOPLIST_KEY_UILaunchStoryboardName = LaunchScreen.storyboard;
				INFOPLIST_KEY_UISupportedInterfaceOrientations_iPad = "UIInterfaceOrientationPortrait UIInterfaceOrientationPortraitUpsideDown UIInterfaceOrientationLandscapeLeft UIInterfaceOrientationLandscapeRight";
				INFOPLIST_KEY_UISupportedInterfaceOrientations_iPhone = "UIInterfaceOrientationPortrait UIInterfaceOrientationLandscapeLeft UIInterfaceOrientationLandscapeRight";
				IPHONEOS_DEPLOYMENT_TARGET = 14.0;
				LD_RUNPATH_SEARCH_PATHS = (
					"$(inherited)",
					"@executable_path/Frameworks",
				);
				MARKETING_VERSION = 1.0;
				PRODUCT_BUNDLE_IDENTIFIER = com.ColorMemoryBook;
				PRODUCT_NAME = "$(TARGET_NAME)";
				SWIFT_EMIT_LOC_STRINGS = YES;
				SWIFT_VERSION = 5.0;
				TARGETED_DEVICE_FAMILY = "1,2";
			};
			name = Debug;
		};
		10B46F0329DD7534004273EB /* Release */ = {
			isa = XCBuildConfiguration;
			buildSettings = {
				ASSETCATALOG_COMPILER_APPICON_NAME = AppIcon;
				ASSETCATALOG_COMPILER_GLOBAL_ACCENT_COLOR_NAME = AccentColor;
				CODE_SIGN_ENTITLEMENTS = ColorMemoryBook/ColorMemoryBook.entitlements;
				CODE_SIGN_STYLE = Automatic;
				CURRENT_PROJECT_VERSION = 1;
				DEVELOPMENT_TEAM = 6UJYJPDXP4;
				GENERATE_INFOPLIST_FILE = YES;
				INFOPLIST_FILE = ColorMemoryBook/Info.plist;
				INFOPLIST_KEY_NSCameraUsageDescription = "카메라 사용 권한이 필요합니다.";
				INFOPLIST_KEY_UIApplicationSupportsIndirectInputEvents = YES;
				INFOPLIST_KEY_UILaunchStoryboardName = LaunchScreen.storyboard;
				INFOPLIST_KEY_UISupportedInterfaceOrientations_iPad = "UIInterfaceOrientationPortrait UIInterfaceOrientationPortraitUpsideDown UIInterfaceOrientationLandscapeLeft UIInterfaceOrientationLandscapeRight";
				INFOPLIST_KEY_UISupportedInterfaceOrientations_iPhone = "UIInterfaceOrientationPortrait UIInterfaceOrientationLandscapeLeft UIInterfaceOrientationLandscapeRight";
				IPHONEOS_DEPLOYMENT_TARGET = 14.0;
				LD_RUNPATH_SEARCH_PATHS = (
					"$(inherited)",
					"@executable_path/Frameworks",
				);
				MARKETING_VERSION = 1.0;
				PRODUCT_BUNDLE_IDENTIFIER = com.ColorMemoryBook;
				PRODUCT_NAME = "$(TARGET_NAME)";
				SWIFT_EMIT_LOC_STRINGS = YES;
				SWIFT_VERSION = 5.0;
				TARGETED_DEVICE_FAMILY = "1,2";
			};
			name = Release;
		};
/* End XCBuildConfiguration section */

/* Begin XCConfigurationList section */
		10B46EE829DD7533004273EB /* Build configuration list for PBXProject "ColorMemoryBook" */ = {
			isa = XCConfigurationList;
			buildConfigurations = (
				10B46EFF29DD7534004273EB /* Debug */,
				10B46F0029DD7534004273EB /* Release */,
			);
			defaultConfigurationIsVisible = 0;
			defaultConfigurationName = Release;
		};
		10B46F0129DD7534004273EB /* Build configuration list for PBXNativeTarget "ColorMemoryBook" */ = {
			isa = XCConfigurationList;
			buildConfigurations = (
				10B46F0229DD7534004273EB /* Debug */,
				10B46F0329DD7534004273EB /* Release */,
			);
			defaultConfigurationIsVisible = 0;
			defaultConfigurationName = Release;
		};
/* End XCConfigurationList section */

/* Begin XCRemoteSwiftPackageReference section */
		1050ACD129F14A2A00C9F1E4 /* XCRemoteSwiftPackageReference "Then" */ = {
			isa = XCRemoteSwiftPackageReference;
			repositoryURL = "https://github.com/devxoul/Then";
			requirement = {
				kind = upToNextMajorVersion;
				minimumVersion = 3.0.0;
			};
		};
		10A838EB29E68F290027AFDA /* XCRemoteSwiftPackageReference "SnapKit" */ = {
			isa = XCRemoteSwiftPackageReference;
			repositoryURL = "https://github.com/SnapKit/SnapKit.git";
			requirement = {
				kind = upToNextMajorVersion;
				minimumVersion = 5.0.0;
			};
		};
		10CC68A029F0036F006C939C /* XCRemoteSwiftPackageReference "RxSwift" */ = {
			isa = XCRemoteSwiftPackageReference;
			repositoryURL = "https://github.com/ReactiveX/RxSwift";
			requirement = {
				branch = main;
				kind = branch;
			};
		};
		10E381332A18811F00DF01F7 /* XCRemoteSwiftPackageReference "WSTagsField" */ = {
			isa = XCRemoteSwiftPackageReference;
			repositoryURL = "https://github.com/whitesmith/WSTagsField";
			requirement = {
				kind = upToNextMajorVersion;
				minimumVersion = 5.0.0;
			};
		};
/* End XCRemoteSwiftPackageReference section */

/* Begin XCSwiftPackageProductDependency section */
		1050ACD229F14A2A00C9F1E4 /* Then */ = {
			isa = XCSwiftPackageProductDependency;
			package = 1050ACD129F14A2A00C9F1E4 /* XCRemoteSwiftPackageReference "Then" */;
			productName = Then;
		};
		10A838EC29E68F290027AFDA /* SnapKit */ = {
			isa = XCSwiftPackageProductDependency;
			package = 10A838EB29E68F290027AFDA /* XCRemoteSwiftPackageReference "SnapKit" */;
			productName = SnapKit;
		};
		10CC68A129F0036F006C939C /* RxCocoa */ = {
			isa = XCSwiftPackageProductDependency;
			package = 10CC68A029F0036F006C939C /* XCRemoteSwiftPackageReference "RxSwift" */;
			productName = RxCocoa;
		};
		10CC68A329F0036F006C939C /* RxSwift */ = {
			isa = XCSwiftPackageProductDependency;
			package = 10CC68A029F0036F006C939C /* XCRemoteSwiftPackageReference "RxSwift" */;
			productName = RxSwift;
		};
		10E381342A18811F00DF01F7 /* WSTagsField */ = {
			isa = XCSwiftPackageProductDependency;
			package = 10E381332A18811F00DF01F7 /* XCRemoteSwiftPackageReference "WSTagsField" */;
			productName = WSTagsField;
		};
/* End XCSwiftPackageProductDependency section */
	};
	rootObject = 10B46EE529DD7533004273EB /* Project object */;
}
